
Microsoft Visual Studio Solution File, Format Version 12.00
# Visual Studio Version 16
VisualStudioVersion = 16.0.29131.210
MinimumVisualStudioVersion = 10.0.40219.1
Project("{FAE04EC0-301F-11D3-BF4B-00C04F79EFBC}") = "QuotesApp", "QuotesApp.csproj", "{6E544DD5-7FD7-42CB-A2CD-1626FD4EF7BF}"
EndProject
Global
	GlobalSection(SolutionConfigurationPlatforms) = preSolution
		Debug|Any CPU = Debug|Any CPU
		Release|Any CPU = Release|Any CPU
	EndGlobalSection
	GlobalSection(ProjectConfigurationPlatforms) = postSolution
		{6E544DD5-7FD7-42CB-A2CD-1626FD4EF7BF}.Debug|Any CPU.ActiveCfg = Debug|Any CPU
		{6E544DD5-7FD7-42CB-A2CD-1626FD4EF7BF}.Debug|Any CPU.Build.0 = Debug|Any CPU
		{6E544DD5-7FD7-42CB-A2CD-1626FD4EF7BF}.Release|Any CPU.ActiveCfg = Release|Any CPU
		{6E544DD5-7FD7-42CB-A2CD-1626FD4EF7BF}.Release|Any CPU.Build.0 = Release|Any CPU
	EndGlobalSection
	GlobalSection(SolutionProperties) = preSolution
		HideSolutionNode = FALSE
	EndGlobalSection
	GlobalSection(ExtensibilityGlobals) = postSolution
		SolutionGuid = {52097587-C0E5-4759-9379-ADD6AB424D22}
	EndGlobalSection
EndGlobal
